<?xml version="1.0" encoding="utf-8"?>
<Project ToolsVersion="4.0" xmlns="http://schemas.microsoft.com/developer/msbuild/2003">
  <ItemGroup>
    <Filter Include="소스 파일">
      <UniqueIdentifier>{4FC737F1-C7A5-4376-A066-2A32D752A2FF}</UniqueIdentifier>
      <Extensions>cpp;c;cc;cxx;c++;cppm;ixx;def;odl;idl;hpj;bat;asm;asmx</Extensions>
    </Filter>
    <Filter Include="헤더 파일">
      <UniqueIdentifier>{93995380-89BD-4b04-88EB-625FBE52EBFB}</UniqueIdentifier>
      <Extensions>h;hh;hpp;hxx;h++;hm;inl;inc;ipp;xsd</Extensions>
    </Filter>
    <Filter Include="리소스 파일">
      <UniqueIdentifier>{67DA6AB6-F800-4c08-8B7A-83BB121AAD01}</UniqueIdentifier>
      <Extensions>rc;ico;cur;bmp;dlg;rc2;rct;bin;rgs;gif;jpg;jpeg;jpe;resx;tiff;tif;png;wav;mfcribbon-ms</Extensions>
    </Filter>
    <Filter Include="헤더 파일\System">
      <UniqueIdentifier>{38e358cb-99b8-4aca-91d1-676d50cba322}</UniqueIdentifier>
    </Filter>
    <Filter Include="헤더 파일\Utility">
      <UniqueIdentifier>{17c964a9-4180-4c6a-b384-6d83f7615477}</UniqueIdentifier>
    </Filter>
    <Filter Include="헤더 파일\Utility\DesignPattern">
      <UniqueIdentifier>{39656104-63a5-4dc0-83c5-eeb0d48552db}</UniqueIdentifier>
    </Filter>
    <Filter Include="헤더 파일\Game">
      <UniqueIdentifier>{0dbb35d7-a46e-4c93-bc84-b8baddf6b929}</UniqueIdentifier>
    </Filter>
    <Filter Include="헤더 파일\Game\Character">
      <UniqueIdentifier>{09b1e49f-2de4-43cb-927d-825c19da62b9}</UniqueIdentifier>
    </Filter>
    <Filter Include="헤더 파일\Game\Character\Monster">
      <UniqueIdentifier>{ffe29326-1822-4e6c-bc78-b10b2dfe1009}</UniqueIdentifier>
    </Filter>
    <Filter Include="헤더 파일\Game\Character\Player">
      <UniqueIdentifier>{28341ae9-7839-403b-b972-0f4ce7452041}</UniqueIdentifier>
    </Filter>
    <Filter Include="헤더 파일\System\Save">
      <UniqueIdentifier>{95f511ca-8853-45bf-b244-9f5b36d768f8}</UniqueIdentifier>
    </Filter>
    <Filter Include="헤더 파일\System\IO">
      <UniqueIdentifier>{24bf6861-9c33-4366-b838-4a4dd870cc79}</UniqueIdentifier>
    </Filter>
    <Filter Include="헤더 파일\Game\Scene">
      <UniqueIdentifier>{32c85866-d4bd-440c-8b39-7b4fbc98d2e2}</UniqueIdentifier>
    </Filter>
    <Filter Include="헤더 파일\Game\Item">
      <UniqueIdentifier>{351a3cd3-fdb4-4eb8-bc0f-90f6ec226e74}</UniqueIdentifier>
    </Filter>
    <Filter Include="헤더 파일\Game\Encounter">
      <UniqueIdentifier>{29a16ef4-8fa7-48c9-ad68-ac072e9d1a81}</UniqueIdentifier>
    </Filter>
    <Filter Include="소스 파일\Game">
      <UniqueIdentifier>{048f48e2-54ea-419d-a3b2-9ce19e17a088}</UniqueIdentifier>
    </Filter>
    <Filter Include="소스 파일\Game\Character">
      <UniqueIdentifier>{acf4657a-b8c2-4caf-bdd9-26074e6abd57}</UniqueIdentifier>
    </Filter>
    <Filter Include="소스 파일\Game\Character\Monster">
      <UniqueIdentifier>{8b6b467d-4902-41d6-87db-0e238edcc62f}</UniqueIdentifier>
    </Filter>
    <Filter Include="소스 파일\Game\Character\Player">
      <UniqueIdentifier>{58754b8d-25d9-4a2b-b050-477a46cdbd28}</UniqueIdentifier>
    </Filter>
    <Filter Include="소스 파일\Game\Encounter">
      <UniqueIdentifier>{db912109-6265-49e8-90d9-83fee9ea2b90}</UniqueIdentifier>
    </Filter>
    <Filter Include="소스 파일\Game\Item">
      <UniqueIdentifier>{25973720-6e43-4f8a-b464-bba1c9cf5c71}</UniqueIdentifier>
    </Filter>
    <Filter Include="소스 파일\Game\Scene">
      <UniqueIdentifier>{196550c1-91cd-4433-91e1-f77cca0ed8fc}</UniqueIdentifier>
    </Filter>
    <Filter Include="소스 파일\System">
      <UniqueIdentifier>{d38d036e-0249-4027-b8d7-7ed30faca9a8}</UniqueIdentifier>
    </Filter>
    <Filter Include="소스 파일\Utility">
      <UniqueIdentifier>{ec4e4c09-dbb8-4730-9212-eb7882c94ad1}</UniqueIdentifier>
    </Filter>
    <Filter Include="헤더 파일\Utility\Global">
      <UniqueIdentifier>{4936aa0c-0217-4db4-8e6a-2a3184ae532f}</UniqueIdentifier>
    </Filter>
  </ItemGroup>
  <ItemGroup>
    <ClCompile Include="Darkest-Textion.cpp">
      <Filter>소스 파일</Filter>
    </ClCompile>
    <ClCompile Include="Observer.h">
      <Filter>헤더 파일\Utility\DesignPattern</Filter>
    </ClCompile>
    <ClCompile Include="Singleton.h">
      <Filter>헤더 파일\Utility\DesignPattern</Filter>
    </ClCompile>
    <ClCompile Include="TitleScene.h">
      <Filter>헤더 파일\Game\Scene</Filter>
    </ClCompile>
    <ClCompile Include="MainScene.h">
      <Filter>헤더 파일\Game\Scene</Filter>
    </ClCompile>
    <ClCompile Include="ShopScene.h">
      <Filter>헤더 파일\Game\Scene</Filter>
    </ClCompile>
    <ClCompile Include="SelectDungeonScene.h">
      <Filter>헤더 파일\Game\Scene</Filter>
    </ClCompile>
    <ClCompile Include="DungeonScene.h">
      <Filter>헤더 파일\Game\Scene</Filter>
    </ClCompile>
    <ClCompile Include="GameManager.h">
      <Filter>헤더 파일\Game</Filter>
    </ClCompile>
    <ClCompile Include="Consumable.h">
      <Filter>헤더 파일\Game\Item</Filter>
    </ClCompile>
    <ClCompile Include="SceneManager.cpp">
      <Filter>소스 파일\Game\Scene</Filter>
    </ClCompile>
    <ClCompile Include="TitleScene.cpp">
      <Filter>소스 파일\Game\Scene</Filter>
    </ClCompile>
    <ClCompile Include="Scene.cpp">
      <Filter>소스 파일\Game\Scene</Filter>
    </ClCompile>
    <ClCompile Include="GameManager.cpp">
      <Filter>소스 파일\Game</Filter>
    </ClCompile>
    <ClCompile Include="MainScene.cpp">
      <Filter>소스 파일\Game\Scene</Filter>
    </ClCompile>
  </ItemGroup>
  <ItemGroup>
    <ClInclude Include="Character.h">
      <Filter>헤더 파일\Game\Character</Filter>
    </ClInclude>
    <ClInclude Include="Player.h">
      <Filter>헤더 파일\Game\Character\Player</Filter>
    </ClInclude>
    <ClInclude Include="Monster.h">
      <Filter>헤더 파일\Game\Character\Monster</Filter>
    </ClInclude>
    <ClInclude Include="Artifact.h">
      <Filter>헤더 파일\Game\Item</Filter>
    </ClInclude>
    <ClInclude Include="Encounter.h">
      <Filter>헤더 파일\Game\Encounter</Filter>
    </ClInclude>
    <ClInclude Include="Item.h">
      <Filter>헤더 파일\Game\Item</Filter>
    </ClInclude>
    <ClInclude Include="Scene.h">
      <Filter>헤더 파일\Game\Scene</Filter>
    </ClInclude>
    <ClInclude Include="SceneManager.h">
      <Filter>헤더 파일\Game\Scene</Filter>
    </ClInclude>
    <ClInclude Include="ProjectEnum.h">
      <Filter>헤더 파일\Utility\Global</Filter>
    </ClInclude>
    <ClInclude Include="Global.h">
      <Filter>헤더 파일\Utility\Global</Filter>
    </ClInclude>
  </ItemGroup>
</Project>