<?xml version="1.0" encoding="utf-8"?>
<Project ToolsVersion="4.0" xmlns="http://schemas.microsoft.com/developer/msbuild/2003">
  <ItemGroup>
    <ClCompile Include="Darkest-Textion.cpp" />
    <ClCompile Include="src\Game\Scene\IntroScene.cpp" />
    <ClCompile Include="src\Game\Scene\NewPlayerScene.cpp" />
    <ClCompile Include="src\Game\Scene\TreasureScene.cpp" />
    <ClCompile Include="src\Game\Scene\ShopScene.cpp" />
    <ClCompile Include="src\Game\Shop\Shop.cpp" />
    <ClCompile Include="src\System\IO\Renderer.cpp" />
    <ClCompile Include="src\System\IO\Sprite.cpp" />
    <ClCompile Include="src\System\IO\Animation.cpp" />
    <ClCompile Include="src\Game\Scene\BattleScene.cpp" />
    <ClCompile Include="src\Game\Scene\DungeonScene.cpp" />
    <ClCompile Include="src\Game\Character\Monster\BossMonster.cpp" />
    <ClCompile Include="src\Game\Character\Monster\DarkestMonsters.cpp" />
    <ClCompile Include="src\Game\Character\Monster\DropItemObj.cpp" />
    <ClCompile Include="src\Game\Character\Monster\ForestMonsters.cpp" />
    <ClCompile Include="src\Game\Character\Monster\Monster.cpp" />
    <ClCompile Include="src\Game\Character\Monster\MonsterActionHandle.cpp" />
    <ClCompile Include="src\Game\Character\Monster\MonsterAttack.cpp" />
    <ClCompile Include="src\Game\Character\Monster\MonsterHit.cpp" />
    <ClCompile Include="src\Game\Character\Monster\MonsterSpawnHandle.cpp" />
    <ClCompile Include="src\Game\Character\Monster\SeasideMonsters.cpp" />
    <ClCompile Include="src\System\IO\Image.cpp" />
    <ClCompile Include="src\Game\Character\Player\Inventory.cpp" />
    <ClCompile Include="src\Game\Item\Artifact\AncestalaArtifact.cpp" />
    <ClCompile Include="src\Game\Item\Artifact\ArtifactDecorator.cpp" />
    <ClCompile Include="src\Game\Item\Artifact\ExpStone.cpp" />
    <ClCompile Include="src\Game\Item\Artifact\HealthStone.cpp" />
    <ClCompile Include="src\Game\Item\Artifact\KnightsCrest.cpp" />
    <ClCompile Include="src\Game\Item\Artifact\RareArtifact.cpp" />
    <ClCompile Include="src\Game\Item\Artifact\SnakeOil.cpp" />
    <ClCompile Include="src\Game\Scene\MainShopScene.cpp" />
    <ClCompile Include="src\Game\Scene\DungeonInfoScene.cpp" />
    <ClCompile Include="src\Game\Scene\SelectDungeonScene.cpp" />
    <ClCompile Include="src\Game\Game.cpp" />
    <ClCompile Include="src\System\IO\InputEvent.cpp" />
    <ClCompile Include="src\Game\Character\Character.cpp" />
    <ClCompile Include="src\Game\GameManager.cpp" />
    <ClCompile Include="src\Game\Item\Consumable\DamageBoost.cpp" />
    <ClCompile Include="src\Game\Item\Consumable\HealthPotion.cpp" />
    <ClCompile Include="src\Game\Item\Consumable\Laudanum.cpp" />
    <ClCompile Include="src\Game\Scene\MainScene.cpp" />
    <ClCompile Include="src\Game\Scene\Scene.cpp" />
    <ClCompile Include="src\Game\Scene\SceneManager.cpp" />
    <ClCompile Include="src\Game\Scene\TitleScene.cpp" />
    <ClCompile Include="src\Game\Scene\RoomScene.cpp" />
    <ClCompile Include="src\Game\Scene\TrapScene.cpp" />
    <ClCompile Include="src\Game\Character\Player\Player.cpp" />
    <ClCompile Include="src\Game\Scene\GameOverScene.cpp" />
    <ClCompile Include="src\Game\Scene\EndingScene.cpp" />
  </ItemGroup>
  <ItemGroup>
    <ClInclude Include="include\Game\Character\Character.h" />
    <ClInclude Include="include\Game\Character\Monster\BossMonster.h" />
    <ClInclude Include="include\Game\Character\Monster\DarkestMonsters.h" />
    <ClInclude Include="include\Game\Character\Monster\DropItemObj.h" />
    <ClInclude Include="include\Game\Character\Monster\ForestMonsters.h" />
    <ClInclude Include="include\Game\Character\Monster\Monster.h" />
    <ClInclude Include="include\Game\Character\Monster\MonsterActionHandle.h" />
    <ClInclude Include="include\Game\Character\Monster\MonsterAttack.h" />
    <ClInclude Include="include\Game\Character\Monster\MonsterAttackInfo.h" />
    <ClInclude Include="include\Game\Character\Monster\MonsterHit.h" />
    <ClInclude Include="include\Game\Character\Monster\MonsterSpawnHandle.h" />
    <ClInclude Include="include\Game\Character\Monster\SeasideMonsters.h" />
    <ClInclude Include="include\Game\Character\Player\Inventory.h" />
    <ClInclude Include="include\Game\Game.h" />
    <ClInclude Include="include\Game\GameManager.h" />
    <ClInclude Include="include\Game\Item\Artifact\AncestalaArtifact.h" />
    <ClInclude Include="include\Game\Item\Artifact\Artifact.h" />
    <ClInclude Include="include\Game\Item\Artifact\ArtifactDecorator.h" />
    <ClInclude Include="include\Game\Item\Artifact\ExpStone.h" />
    <ClInclude Include="include\Game\Item\Artifact\HealthStone.h" />
    <ClInclude Include="include\Game\Item\Artifact\KnightsCrest.h" />
    <ClInclude Include="include\Game\Item\Artifact\RareArtifact.h" />
    <ClInclude Include="include\Game\Item\Artifact\SnakeOil.h" />
    <ClInclude Include="include\Game\Item\Artifact\SpeedStone.h" />
    <ClInclude Include="include\Game\Item\Consumable\Consumable.h" />
    <ClInclude Include="include\Game\Item\Consumable\DamageBoost.h" />
    <ClInclude Include="include\Game\Item\Consumable\HealthPotion.h" />
    <ClInclude Include="include\Game\Item\Consumable\Laudanum.h" />
    <ClInclude Include="include\Game\Item\Item.h" />
    <ClInclude Include="include\Game\Scene\BattleScene.h" />
    <ClInclude Include="include\Game\Scene\DungeonInfoScene.h" />
    <ClInclude Include="include\Game\Scene\DungeonScene.h" />
    <ClInclude Include="include\Game\Scene\IntroScene.h" />
    <ClInclude Include="include\Game\Scene\MainScene.h" />
    <ClInclude Include="include\Game\Scene\MainShopScene.h" />
    <ClInclude Include="include\Game\Scene\NewPlayerScene.h" />
    <ClInclude Include="include\Game\Scene\Scene.h" />
    <ClInclude Include="include\Game\Scene\SceneManager.h" />
    <ClInclude Include="include\Game\Scene\SelectDungeonScene.h" />
    <ClInclude Include="include\Game\Scene\ShopScene.h" />
    <ClInclude Include="include\Game\Scene\TitleScene.h" />
    <ClInclude Include="include\Game\Scene\TreasureScene.h" />
    <ClInclude Include="include\Game\Shop\Shop.h" />
    <ClInclude Include="include\System\IO\Animation.h" />
    <ClInclude Include="include\System\IO\Image.h" />
    <ClInclude Include="include\System\IO\InputEvent.h" />
    <ClInclude Include="include\System\IO\Renderer.h" />
    <ClInclude Include="include\System\IO\Sprite.h" />
    <ClInclude Include="include\Utility\DesignPattern\Observer.h" />
    <ClInclude Include="include\Utility\DesignPattern\Singleton.h" />
    <ClInclude Include="include\Utility\Global\Global.h" />
    <ClInclude Include="include\Utility\Global\ProjectEnum.h" />
    <ClInclude Include="include\Utility\Utility.h" />
    <ClInclude Include="include\Utility\Vector2d.h" />
    <ClInclude Include="lib\CImg.h" />
    <ClInclude Include="include\Game\Scene\RoomScene.h" />
    <ClInclude Include="include\Game\Scene\TrapScene.h" />
    <ClInclude Include="include\Game\Character\Player\Player.h" />
    <ClInclude Include="include\Game\Scene\GameOverScene.h" />
    <ClInclude Include="include\Game\Scene\EndingScene.h" />
  </ItemGroup>
  <ItemGroup>
    <Image Include="drawable\background\Inventory.bmp" />
    <Image Include="drawable\background\ShopBackground.bmp" />
    <Image Include="drawable\background\ShopBackground2.bmp" />
    <Image Include="drawable\Item\cursor.bmp" />
    <Image Include="drawable\Item\DamageBoost.bmp" />
    <Image Include="drawable\Item\ExpStone.bmp" />
    <Image Include="drawable\Item\HealthPotion.bmp" />
    <Image Include="drawable\Item\HealthStone.bmp" />
    <Image Include="drawable\Item\KnightsCrest.bmp" />
    <Image Include="drawable\Item\Laudanum.bmp" />
    <Image Include="drawable\Item\SnakeOil.bmp" />
    <Image Include="drawable\number\0.bmp" />
    <Image Include="drawable\number\1.bmp" />
    <Image Include="drawable\number\2.bmp" />
    <Image Include="drawable\number\3.bmp" />
    <Image Include="drawable\number\4.bmp" />
    <Image Include="drawable\number\5.bmp" />
    <Image Include="drawable\number\6.bmp" />
    <Image Include="drawable\number\7.bmp" />
    <Image Include="drawable\number\8.bmp" />
    <Image Include="drawable\number\9.bmp" />
  </ItemGroup>
</Project>