<?xml version="1.0" encoding="utf-8"?>
<Project ToolsVersion="4.0" xmlns="http://schemas.microsoft.com/developer/msbuild/2003">
  <ItemGroup>
    <Filter Include="소스 파일">
      <UniqueIdentifier>{4FC737F1-C7A5-4376-A066-2A32D752A2FF}</UniqueIdentifier>
      <Extensions>cpp;c;cc;cxx;c++;cppm;ixx;def;odl;idl;hpj;bat;asm;asmx</Extensions>
    </Filter>
    <Filter Include="헤더 파일">
      <UniqueIdentifier>{93995380-89BD-4b04-88EB-625FBE52EBFB}</UniqueIdentifier>
      <Extensions>h;hh;hpp;hxx;h++;hm;inl;inc;ipp;xsd</Extensions>
    </Filter>
    <Filter Include="리소스 파일">
      <UniqueIdentifier>{67DA6AB6-F800-4c08-8B7A-83BB121AAD01}</UniqueIdentifier>
      <Extensions>rc;ico;cur;bmp;dlg;rc2;rct;bin;rgs;gif;jpg;jpeg;jpe;resx;tiff;tif;png;wav;mfcribbon-ms</Extensions>
    </Filter>
  </ItemGroup>
  <ItemGroup>
    <ClCompile Include="src\Game\Character\Player\Player.cpp">
      <Filter>소스 파일</Filter>
    </ClCompile>
    <ClCompile Include="src\Game\Character\Character.cpp">
      <Filter>소스 파일</Filter>
    </ClCompile>
    <ClCompile Include="src\Game\Item\Artifact\SpeedStone.cpp">
      <Filter>소스 파일</Filter>
    </ClCompile>
    <ClCompile Include="src\Game\Item\Consumable\Antivenom.cpp">
      <Filter>소스 파일</Filter>
    </ClCompile>
    <ClCompile Include="src\Game\Item\Consumable\DamageBoost.cpp">
      <Filter>소스 파일</Filter>
    </ClCompile>
    <ClCompile Include="src\Game\Item\Consumable\HealthPotion.cpp">
      <Filter>소스 파일</Filter>
    </ClCompile>
    <ClCompile Include="src\Game\Item\Consumable\Laudanum.cpp">
      <Filter>소스 파일</Filter>
    </ClCompile>
    <ClCompile Include="src\Game\Scene\MainScene.cpp">
      <Filter>소스 파일</Filter>
    </ClCompile>
    <ClCompile Include="src\Game\Scene\Scene.cpp">
      <Filter>소스 파일</Filter>
    </ClCompile>
    <ClCompile Include="src\Game\Scene\SceneManager.cpp">
      <Filter>소스 파일</Filter>
    </ClCompile>
    <ClCompile Include="src\Game\Scene\TitleScene.cpp">
      <Filter>소스 파일</Filter>
    </ClCompile>
    <ClCompile Include="src\Game\Shop\Shop.cpp">
      <Filter>소스 파일</Filter>
    </ClCompile>
    <ClCompile Include="src\Game\GameManager.cpp">
      <Filter>소스 파일</Filter>
    </ClCompile>
    <ClCompile Include="src\Game\Character\Monster\Goblin.cpp">
      <Filter>소스 파일</Filter>
    </ClCompile>
    <ClCompile Include="src\Game\Character\Monster\Monster.cpp">
      <Filter>소스 파일</Filter>
    </ClCompile>
    <ClCompile Include="src\Game\Character\Monster\Orc.cpp">
      <Filter>소스 파일</Filter>
    </ClCompile>
    <ClCompile Include="src\Game\Character\Monster\Troll.cpp">
      <Filter>소스 파일</Filter>
    </ClCompile>
    <ClCompile Include="Darkest-Textion.cpp">
      <Filter>소스 파일</Filter>
    </ClCompile>
    <ClCompile Include="src\System\IO\InputEvent.cpp">
      <Filter>소스 파일</Filter>
    </ClCompile>
    <ClCompile Include="include\System\IO\OutputManager.h">
      <Filter>소스 파일</Filter>
    </ClCompile>
    <ClCompile Include="src\System\IO\OutputManager.cpp">
      <Filter>소스 파일</Filter>
    </ClCompile>
    <ClCompile Include="src\Game\Game.cpp">
      <Filter>소스 파일</Filter>
    </ClCompile>
    <ClCompile Include="src\Game\Scene\SelectDungeonScene.cpp">
      <Filter>소스 파일</Filter>
    </ClCompile>
  </ItemGroup>
  <ItemGroup>
    <ClInclude Include="include\Game\Character\Monster\Monster.h">
      <Filter>헤더 파일</Filter>
    </ClInclude>
    <ClInclude Include="include\Game\Character\Player\Player.h">
      <Filter>헤더 파일</Filter>
    </ClInclude>
    <ClInclude Include="include\Game\Character\Character.h">
      <Filter>헤더 파일</Filter>
    </ClInclude>
    <ClInclude Include="include\Game\Encounter\Encounter.h">
      <Filter>헤더 파일</Filter>
    </ClInclude>
    <ClInclude Include="include\Game\Item\Artifact\Artifact.h">
      <Filter>헤더 파일</Filter>
    </ClInclude>
    <ClInclude Include="include\Game\Item\Artifact\SpeedStone.h">
      <Filter>헤더 파일</Filter>
    </ClInclude>
    <ClInclude Include="include\Game\Item\Consumable\Antivenom.h">
      <Filter>헤더 파일</Filter>
    </ClInclude>
    <ClInclude Include="include\Game\Item\Consumable\Consumable.h">
      <Filter>헤더 파일</Filter>
    </ClInclude>
    <ClInclude Include="include\Game\Item\Consumable\DamageBoost.h">
      <Filter>헤더 파일</Filter>
    </ClInclude>
    <ClInclude Include="include\Game\Item\Consumable\HealthPotion.h">
      <Filter>헤더 파일</Filter>
    </ClInclude>
    <ClInclude Include="include\Game\Item\Consumable\Laudanum.h">
      <Filter>헤더 파일</Filter>
    </ClInclude>
    <ClInclude Include="include\Game\Item\Item.h">
      <Filter>헤더 파일</Filter>
    </ClInclude>
    <ClInclude Include="include\Game\Scene\DungeonScene.h">
      <Filter>헤더 파일</Filter>
    </ClInclude>
    <ClInclude Include="include\Game\Scene\MainScene.h">
      <Filter>헤더 파일</Filter>
    </ClInclude>
    <ClInclude Include="include\Game\Scene\Scene.h">
      <Filter>헤더 파일</Filter>
    </ClInclude>
    <ClInclude Include="include\Game\Scene\SceneManager.h">
      <Filter>헤더 파일</Filter>
    </ClInclude>
    <ClInclude Include="include\Game\Scene\SelectDungeonScene.h">
      <Filter>헤더 파일</Filter>
    </ClInclude>
    <ClInclude Include="include\Game\Scene\ShopScene.h">
      <Filter>헤더 파일</Filter>
    </ClInclude>
    <ClInclude Include="include\Game\Scene\TitleScene.h">
      <Filter>헤더 파일</Filter>
    </ClInclude>
    <ClInclude Include="include\Game\Shop\Shop.h">
      <Filter>헤더 파일</Filter>
    </ClInclude>
    <ClInclude Include="include\Game\GameManager.h">
      <Filter>헤더 파일</Filter>
    </ClInclude>
    <ClInclude Include="include\System\IO\InputEvent.h">
      <Filter>헤더 파일</Filter>
    </ClInclude>
    <ClInclude Include="include\Utility\DesignPattern\Observer.h">
      <Filter>헤더 파일</Filter>
    </ClInclude>
    <ClInclude Include="include\Utility\DesignPattern\Singleton.h">
      <Filter>헤더 파일</Filter>
    </ClInclude>
    <ClInclude Include="include\Utility\Global\Global.h">
      <Filter>헤더 파일</Filter>
    </ClInclude>
    <ClInclude Include="include\Utility\Global\ProjectEnum.h">
      <Filter>헤더 파일</Filter>
    </ClInclude>
    <ClInclude Include="include\Game\Character\Monster\BossMonster.h">
      <Filter>헤더 파일</Filter>
    </ClInclude>
    <ClInclude Include="include\Game\Character\Monster\Goblin.h">
      <Filter>헤더 파일</Filter>
    </ClInclude>
    <ClInclude Include="include\Game\Character\Monster\Orc.h">
      <Filter>헤더 파일</Filter>
    </ClInclude>
    <ClInclude Include="include\Game\Character\Monster\Troll.h">
      <Filter>헤더 파일</Filter>
    </ClInclude>
    <ClInclude Include="include\Game\Game.h">
      <Filter>헤더 파일</Filter>
    </ClInclude>
    <ClInclude Include="include\System\IO\Image.h">
      <Filter>헤더 파일</Filter>
    </ClInclude>
  </ItemGroup>
</Project>